Microsoft Visual Studio Solution File, Format Version 12.00
# Visual Studio Version 17
VisualStudioVersion = 17.5.2.0
MinimumVisualStudioVersion = 10.0.40219.1
Project("{FAE04EC0-301F-11D3-BF4B-00C04F79EFBC}") = "Taller02", "Taller02.csproj", "{D22DBB70-F1EB-D58E-3F2A-23B7CE175C8B}"
EndProject
Global
	GlobalSection(SolutionConfigurationPlatforms) = preSolution
		Debug|Any CPU = Debug|Any CPU
		Release|Any CPU = Release|Any CPU
	EndGlobalSection
	GlobalSection(ProjectConfigurationPlatforms) = postSolution
		{D22DBB70-F1EB-D58E-3F2A-23B7CE175C8B}.Debug|Any CPU.ActiveCfg = Debug|Any CPU
		{D22DBB70-F1EB-D58E-3F2A-23B7CE175C8B}.Debug|Any CPU.Build.0 = Debug|Any CPU
		{D22DBB70-F1EB-D58E-3F2A-23B7CE175C8B}.Release|Any CPU.ActiveCfg = Release|Any CPU
		{D22DBB70-F1EB-D58E-3F2A-23B7CE175C8B}.Release|Any CPU.Build.0 = Release|Any CPU
	EndGlobalSection
	GlobalSection(SolutionProperties) = preSolution
		HideSolutionNode = FALSE
	EndGlobalSection
	GlobalSection(ExtensibilityGlobals) = postSolution
		SolutionGuid = {D92675DC-717A-4B3B-89BA-A6D37704139F}
	EndGlobalSection
EndGlobal
